
Microsoft Visual Studio Solution File, Format Version 12.00
# Visual Studio 15
VisualStudioVersion = 15.0.28307.271
MinimumVisualStudioVersion = 10.0.40219.1
Project("{FAE04EC0-301F-11D3-BF4B-00C04F79EFBC}") = "my_pong_game", "myGame\my_pong_game.csproj", "{077FF684-62F5-4B69-B135-41C279FA357A}"
EndProject
Global
	GlobalSection(SolutionConfigurationPlatforms) = preSolution
		Debug|Any CPU = Debug|Any CPU
		Release|Any CPU = Release|Any CPU
	EndGlobalSection
	GlobalSection(ProjectConfigurationPlatforms) = postSolution
		{077FF684-62F5-4B69-B135-41C279FA357A}.Debug|Any CPU.ActiveCfg = Debug|Any CPU
		{077FF684-62F5-4B69-B135-41C279FA357A}.Debug|Any CPU.Build.0 = Debug|Any CPU
		{077FF684-62F5-4B69-B135-41C279FA357A}.Release|Any CPU.ActiveCfg = Release|Any CPU
		{077FF684-62F5-4B69-B135-41C279FA357A}.Release|Any CPU.Build.0 = Release|Any CPU
	EndGlobalSection
	GlobalSection(SolutionProperties) = preSolution
		HideSolutionNode = FALSE
	EndGlobalSection
	GlobalSection(ExtensibilityGlobals) = postSolution
		SolutionGuid = {EA44BC70-2889-41D4-9AFF-B7BCA9B56D91}
	EndGlobalSection
EndGlobal
